
Microsoft Visual Studio Solution File, Format Version 12.00
# Visual Studio Version 16
VisualStudioVersion = 16.0.30611.23
MinimumVisualStudioVersion = 10.0.40219.1
Project("{FAE04EC0-301F-11D3-BF4B-00C04F79EFBC}") = "CompatShim", "CompatShim\CompatShim.csproj", "{212CBCCA-BD0B-446F-B992-44AC9CF9A0E7}"
EndProject
Global
	GlobalSection(SolutionConfigurationPlatforms) = preSolution
		Debug|Any CPU = Debug|Any CPU
		Release|Any CPU = Release|Any CPU
	EndGlobalSection
	GlobalSection(ProjectConfigurationPlatforms) = postSolution
		{212CBCCA-BD0B-446F-B992-44AC9CF9A0E7}.Debug|Any CPU.ActiveCfg = Debug|Any CPU
		{212CBCCA-BD0B-446F-B992-44AC9CF9A0E7}.Debug|Any CPU.Build.0 = Debug|Any CPU
		{212CBCCA-BD0B-446F-B992-44AC9CF9A0E7}.Release|Any CPU.ActiveCfg = Release|Any CPU
		{212CBCCA-BD0B-446F-B992-44AC9CF9A0E7}.Release|Any CPU.Build.0 = Release|Any CPU
	EndGlobalSection
	GlobalSection(SolutionProperties) = preSolution
		HideSolutionNode = FALSE
	EndGlobalSection
	GlobalSection(ExtensibilityGlobals) = postSolution
		SolutionGuid = {49B45BE8-3F89-47FC-92D5-F39FA96035EC}
	EndGlobalSection
EndGlobal
